<?xml version="1.0" encoding="utf-8"?>
<Project ToolsVersion="4.0" xmlns="http://schemas.microsoft.com/developer/msbuild/2003">
  <ItemGroup>
    <Filter Include="Source files">
      <UniqueIdentifier>{96c42e46-34d1-409d-8e89-6dd9925a95b4}</UniqueIdentifier>
      <Extensions>cpp;c;cc;cxx;def;odl;idl;hpj;bat;asm;asmx</Extensions>
    </Filter>
    <Filter Include="Header files">
      <UniqueIdentifier>{138a6a84-ca0c-4d4b-a6ab-629a5af551b9}</UniqueIdentifier>
      <Extensions>h;hpp;hxx;hm;inl;inc;xsd</Extensions>
    </Filter>
    <Filter Include="Resource files">
      <UniqueIdentifier>{24df9b23-9a7e-40f9-a9be-267f4e667fb4}</UniqueIdentifier>
      <Extensions>rc;ico;cur;bmp;dlg;rc2;rct;bin;rgs;gif;jpg;jpeg;jpe;resx;tiff;tif;png;wav</Extensions>
    </Filter>
    <Filter Include="Source files\Device-specific files">
      <UniqueIdentifier>{91e0fa70-0011-4c41-b1a0-3566b7f8633f}</UniqueIdentifier>
    </Filter>
    <Filter Include="Header files\Device-specific files">
      <UniqueIdentifier>{3dc829d5-3402-4668-bf19-2995a94ecae4}</UniqueIdentifier>
    </Filter>
    <Filter Include="VisualGDB settings">
      <UniqueIdentifier>{ad1fbe12-4904-4b88-a971-a8a16a2bc97d}</UniqueIdentifier>
    </Filter>
    <Filter Include="src">
      <UniqueIdentifier>{07e9f4a8-a0bc-4afa-ba1b-916f4a17fc96}</UniqueIdentifier>
    </Filter>
    <Filter Include="src\cfg">
      <UniqueIdentifier>{4ffa7e04-4d30-430e-84f2-776eb7c95ca8}</UniqueIdentifier>
    </Filter>
    <Filter Include="src\cfg\FreeRTOS">
      <UniqueIdentifier>{15429c66-3a3e-4dc8-95d7-94f94edd76fd}</UniqueIdentifier>
    </Filter>
    <Filter Include="FreeRTOS">
      <UniqueIdentifier>{c08f42d6-244b-46d0-97d6-dd33f579af16}</UniqueIdentifier>
    </Filter>
    <Filter Include="FreeRTOS\include">
      <UniqueIdentifier>{eb755b0c-0e23-45c2-8e06-eb35043f9266}</UniqueIdentifier>
    </Filter>
    <Filter Include="FreeRTOS\portable">
      <UniqueIdentifier>{ba3889d6-5cdb-4e9c-9382-d0c228662096}</UniqueIdentifier>
    </Filter>
    <Filter Include="FreeRTOS\portable\GCC">
      <UniqueIdentifier>{c9e8b3bd-7a34-4ed0-b85e-1328e4782d49}</UniqueIdentifier>
    </Filter>
    <Filter Include="FreeRTOS\portable\GCC\ARM_CM4F">
      <UniqueIdentifier>{82ea069a-8a3d-4029-8468-9c06dffd52c6}</UniqueIdentifier>
    </Filter>
    <Filter Include="FreeRTOS\portable\MemMang">
      <UniqueIdentifier>{e87c6c8f-f5ff-418e-8c05-e12d790bc24c}</UniqueIdentifier>
    </Filter>
    <Filter Include="Source files\Device-specific files\Semihosting/Profiler">
      <UniqueIdentifier>{a875e482-4b8a-4866-abc5-57cabf1990c7}</UniqueIdentifier>
    </Filter>
    <Filter Include="Header files\Device-specific files\Semihosting/Profiler">
      <UniqueIdentifier>{862bdec2-d413-459e-91ee-3218da76df56}</UniqueIdentifier>
    </Filter>
    <Filter Include="src\dbg">
      <UniqueIdentifier>{1394e973-174f-4b3b-b136-678a1f9d6fa8}</UniqueIdentifier>
    </Filter>
    <Filter Include="Chimera">
      <UniqueIdentifier>{c3a0a707-9351-4d6e-b693-f13e2696c542}</UniqueIdentifier>
    </Filter>
    <Filter Include="Chimera\constants">
      <UniqueIdentifier>{3e43419b-e0e0-4400-b753-13ca9a714053}</UniqueIdentifier>
    </Filter>
    <Filter Include="Chimera\extensions">
      <UniqueIdentifier>{b89940f7-3723-4090-99b1-5e0f24e1ec94}</UniqueIdentifier>
    </Filter>
    <Filter Include="Chimera\interface">
      <UniqueIdentifier>{cb7e43cf-76e4-4888-9c49-4c8ada6fb961}</UniqueIdentifier>
    </Filter>
    <Filter Include="Chimera\modules">
      <UniqueIdentifier>{d921b7da-f73a-44aa-bda9-b969e67390d7}</UniqueIdentifier>
    </Filter>
    <Filter Include="Chimera\modules\freertos">
      <UniqueIdentifier>{ebee6130-213a-4ff9-8364-50f81f4b7ce3}</UniqueIdentifier>
    </Filter>
    <Filter Include="Chimera\modules\memory">
      <UniqueIdentifier>{4abb6f2d-98dd-4d70-9fa2-f4d9e8e1153b}</UniqueIdentifier>
    </Filter>
    <Filter Include="Chimera\modules\sensors">
      <UniqueIdentifier>{3f22f042-1e0c-4ec1-9831-c7d5b039a7a5}</UniqueIdentifier>
    </Filter>
    <Filter Include="Chimera\modules\sensors\imu">
      <UniqueIdentifier>{eb277274-c6b7-4d5e-b1d8-5aee10fc5280}</UniqueIdentifier>
    </Filter>
    <Filter Include="Thor">
      <UniqueIdentifier>{1d6b7e69-0bff-4939-95af-c63add424b5c}</UniqueIdentifier>
    </Filter>
    <Filter Include="Thor\config">
      <UniqueIdentifier>{de1de5b6-05ea-4c36-bc00-1b999f5fc81a}</UniqueIdentifier>
    </Filter>
    <Filter Include="Thor\config\chimera">
      <UniqueIdentifier>{41d6649d-e287-4e56-88ea-13fc8e68e1f5}</UniqueIdentifier>
    </Filter>
    <Filter Include="Thor\config\templates">
      <UniqueIdentifier>{6cc6ecf3-f42d-440e-9f8e-f3b41cfb31eb}</UniqueIdentifier>
    </Filter>
    <Filter Include="Thor\defaults">
      <UniqueIdentifier>{838e2f44-c117-4e0a-ae5e-ee6f0517acbd}</UniqueIdentifier>
    </Filter>
    <Filter Include="Thor\definitions">
      <UniqueIdentifier>{6ecfe278-ebd1-471b-8ff7-ae397f203dac}</UniqueIdentifier>
    </Filter>
    <Filter Include="Thor\drivers">
      <UniqueIdentifier>{a1dcc266-150c-454c-aaa0-773b1644d527}</UniqueIdentifier>
    </Filter>
    <Filter Include="Thor\drivers\common">
      <UniqueIdentifier>{333f11b8-8572-4a61-9658-9e229788d6ee}</UniqueIdentifier>
    </Filter>
    <Filter Include="Thor\drivers\common\cmsis">
      <UniqueIdentifier>{ef49ddf6-21ba-48b8-8779-4fd31a3811b0}</UniqueIdentifier>
    </Filter>
    <Filter Include="Thor\drivers\common\cmsis\core">
      <UniqueIdentifier>{09cbaae4-0097-4415-819d-7c0248d6e6fb}</UniqueIdentifier>
    </Filter>
    <Filter Include="Thor\drivers\common\cmsis\core\include">
      <UniqueIdentifier>{27a0f554-cfe5-40c3-b605-e84815abcc96}</UniqueIdentifier>
    </Filter>
    <Filter Include="Thor\drivers\common\cortex-m4">
      <UniqueIdentifier>{95d6e83d-f9a0-4ffd-a78f-bafb5c58f419}</UniqueIdentifier>
    </Filter>
    <Filter Include="Thor\drivers\common\cortex-m7">
      <UniqueIdentifier>{d3bb96b6-0091-48d3-bd76-c34a2bfb4456}</UniqueIdentifier>
    </Filter>
    <Filter Include="Thor\drivers\common\interrupts">
      <UniqueIdentifier>{bedb9800-028c-4bc0-98dd-bab11135c956}</UniqueIdentifier>
    </Filter>
    <Filter Include="Thor\drivers\common\mapping">
      <UniqueIdentifier>{a83f307d-d2ab-48e6-823f-79f97ddc77b5}</UniqueIdentifier>
    </Filter>
    <Filter Include="Thor\drivers\common\types">
      <UniqueIdentifier>{6a513410-dc4d-4460-8b9e-f0a09d3d17bb}</UniqueIdentifier>
    </Filter>
    <Filter Include="Thor\drivers\f4">
      <UniqueIdentifier>{41f1954e-ed54-4ce3-b8a4-45abca4dfd80}</UniqueIdentifier>
    </Filter>
    <Filter Include="Thor\drivers\f4\common">
      <UniqueIdentifier>{a7e4713a-4e67-4f92-a3da-e427037fec4d}</UniqueIdentifier>
    </Filter>
    <Filter Include="Thor\drivers\f4\dma">
      <UniqueIdentifier>{e9b91575-e6f1-494f-901d-f4e2e28973a2}</UniqueIdentifier>
    </Filter>
    <Filter Include="Thor\drivers\f4\flash">
      <UniqueIdentifier>{0fe57dd5-b6bc-426e-bdc7-676dd336c715}</UniqueIdentifier>
    </Filter>
    <Filter Include="Thor\drivers\f4\gpio">
      <UniqueIdentifier>{a9bbd75d-5d61-404a-a88f-90e8635c0ab3}</UniqueIdentifier>
    </Filter>
    <Filter Include="Thor\drivers\f4\interrupt">
      <UniqueIdentifier>{6ac66352-c4c6-476a-8c64-96c5a65714ae}</UniqueIdentifier>
    </Filter>
    <Filter Include="Thor\drivers\f4\iwdg">
      <UniqueIdentifier>{bfb90ee9-5a52-4910-8603-9bf9aedb9ae8}</UniqueIdentifier>
    </Filter>
    <Filter Include="Thor\drivers\f4\nvic">
      <UniqueIdentifier>{c52990b4-f1cd-424d-b5cf-7c99496e4159}</UniqueIdentifier>
    </Filter>
    <Filter Include="Thor\drivers\f4\power">
      <UniqueIdentifier>{4f2a5276-6738-4517-a8be-027b796a0b74}</UniqueIdentifier>
    </Filter>
    <Filter Include="Thor\drivers\f4\rcc">
      <UniqueIdentifier>{aca77528-872c-4315-91d8-418432590fd5}</UniqueIdentifier>
    </Filter>
    <Filter Include="Thor\drivers\f4\startup">
      <UniqueIdentifier>{bd33e554-1e44-47df-b17c-cd2a1c33b6d0}</UniqueIdentifier>
    </Filter>
    <Filter Include="Thor\drivers\f4\system">
      <UniqueIdentifier>{bbf6796a-9aa3-4995-a2f4-f3c968c81926}</UniqueIdentifier>
    </Filter>
    <Filter Include="Thor\drivers\f4\uart">
      <UniqueIdentifier>{3ab306b1-2311-46c1-a142-7b7c67e9d819}</UniqueIdentifier>
    </Filter>
    <Filter Include="Thor\drivers\f4\usart">
      <UniqueIdentifier>{cc86c1da-4557-41d9-a660-c958ac8949dc}</UniqueIdentifier>
    </Filter>
    <Filter Include="Thor\drivers\f4\wwdg">
      <UniqueIdentifier>{24f9030a-b14d-4bc3-b6be-c2a32620bbe9}</UniqueIdentifier>
    </Filter>
    <Filter Include="Thor\drivers\model">
      <UniqueIdentifier>{6099bc42-d9f4-4c4f-80c0-ab6cec922ef1}</UniqueIdentifier>
    </Filter>
    <Filter Include="Thor\resources">
      <UniqueIdentifier>{7497929b-d114-40b1-84af-2f6ae9b36785}</UniqueIdentifier>
    </Filter>
    <Filter Include="Thor\types">
      <UniqueIdentifier>{03e057f1-a28b-496b-b6bf-cdd816c419cb}</UniqueIdentifier>
    </Filter>
  </ItemGroup>
  <ItemGroup>
    <None Include="stm32.props">
      <Filter>Source files\Device-specific files</Filter>
    </None>
    <None Include="EmbeddedDevelopment-Debug.vgdbsettings">
      <Filter>VisualGDB settings</Filter>
    </None>
    <None Include="EmbeddedDevelopment-Release.vgdbsettings">
      <Filter>VisualGDB settings</Filter>
    </None>
    <None Include="stm32.xml">
      <Filter>VisualGDB settings</Filter>
    </None>
    <ClCompile Include="..\..\..\..\src\command_parser.cpp">
      <Filter>src</Filter>
    </ClCompile>
    <ClCompile Include="..\..\..\..\src\hw_initialize.cpp">
      <Filter>src</Filter>
    </ClCompile>
    <ClCompile Include="..\..\..\..\src\main.cpp">
      <Filter>src</Filter>
    </ClCompile>
    <ClCompile Include="..\..\..\..\src\thread_command_parser.cpp">
      <Filter>src</Filter>
    </ClCompile>
    <ClCompile Include="..\..\..\..\src\thread_input_update.cpp">
      <Filter>src</Filter>
    </ClCompile>
    <ClCompile Include="..\..\..\..\src\thread_output_update.cpp">
      <Filter>src</Filter>
    </ClCompile>
    <ClCompile Include="..\..\..\..\src\thread_support.cpp">
      <Filter>src</Filter>
    </ClCompile>
    <ClCompile Include="..\..\..\..\src\cfg\FreeRTOS\freertos_hooks_prj.cpp">
      <Filter>src\cfg\FreeRTOS</Filter>
    </ClCompile>
    <ClCompile Include="..\..\..\..\lib\FreeRTOS\croutine.c">
      <Filter>FreeRTOS</Filter>
    </ClCompile>
    <ClCompile Include="..\..\..\..\lib\FreeRTOS\event_groups.c">
      <Filter>FreeRTOS</Filter>
    </ClCompile>
    <ClCompile Include="..\..\..\..\lib\FreeRTOS\list.c">
      <Filter>FreeRTOS</Filter>
    </ClCompile>
    <ClCompile Include="..\..\..\..\lib\FreeRTOS\queue.c">
      <Filter>FreeRTOS</Filter>
    </ClCompile>
    <ClCompile Include="..\..\..\..\lib\FreeRTOS\stream_buffer.c">
      <Filter>FreeRTOS</Filter>
    </ClCompile>
    <ClCompile Include="..\..\..\..\lib\FreeRTOS\tasks.c">
      <Filter>FreeRTOS</Filter>
    </ClCompile>
    <ClCompile Include="..\..\..\..\lib\FreeRTOS\timers.c">
      <Filter>FreeRTOS</Filter>
    </ClCompile>
    <ClInclude Include="..\..\..\..\lib\FreeRTOS\include\croutine.h">
      <Filter>FreeRTOS\include</Filter>
    </ClInclude>
    <ClInclude Include="..\..\..\..\lib\FreeRTOS\include\deprecated_definitions.h">
      <Filter>FreeRTOS\include</Filter>
    </ClInclude>
    <ClInclude Include="..\..\..\..\lib\FreeRTOS\include\event_groups.h">
      <Filter>FreeRTOS\include</Filter>
    </ClInclude>
    <ClInclude Include="..\..\..\..\lib\FreeRTOS\include\FreeRTOS.h">
      <Filter>FreeRTOS\include</Filter>
    </ClInclude>
    <ClInclude Include="..\..\..\..\lib\FreeRTOS\include\list.h">
      <Filter>FreeRTOS\include</Filter>
    </ClInclude>
    <ClInclude Include="..\..\..\..\lib\FreeRTOS\include\message_buffer.h">
      <Filter>FreeRTOS\include</Filter>
    </ClInclude>
    <ClInclude Include="..\..\..\..\lib\FreeRTOS\include\mpu_prototypes.h">
      <Filter>FreeRTOS\include</Filter>
    </ClInclude>
    <ClInclude Include="..\..\..\..\lib\FreeRTOS\include\mpu_wrappers.h">
      <Filter>FreeRTOS\include</Filter>
    </ClInclude>
    <ClInclude Include="..\..\..\..\lib\FreeRTOS\include\portable.h">
      <Filter>FreeRTOS\include</Filter>
    </ClInclude>
    <ClInclude Include="..\..\..\..\lib\FreeRTOS\include\projdefs.h">
      <Filter>FreeRTOS\include</Filter>
    </ClInclude>
    <ClInclude Include="..\..\..\..\lib\FreeRTOS\include\queue.h">
      <Filter>FreeRTOS\include</Filter>
    </ClInclude>
    <ClInclude Include="..\..\..\..\lib\FreeRTOS\include\semphr.h">
      <Filter>FreeRTOS\include</Filter>
    </ClInclude>
    <ClInclude Include="..\..\..\..\lib\FreeRTOS\include\StackMacros.h">
      <Filter>FreeRTOS\include</Filter>
    </ClInclude>
    <ClInclude Include="..\..\..\..\lib\FreeRTOS\include\stack_macros.h">
      <Filter>FreeRTOS\include</Filter>
    </ClInclude>
    <ClInclude Include="..\..\..\..\lib\FreeRTOS\include\stream_buffer.h">
      <Filter>FreeRTOS\include</Filter>
    </ClInclude>
    <ClInclude Include="..\..\..\..\lib\FreeRTOS\include\task.h">
      <Filter>FreeRTOS\include</Filter>
    </ClInclude>
    <ClInclude Include="..\..\..\..\lib\FreeRTOS\include\timers.h">
      <Filter>FreeRTOS\include</Filter>
    </ClInclude>
    <ClCompile Include="..\..\..\..\lib\FreeRTOS\portable\GCC\ARM_CM4F\port.c">
      <Filter>FreeRTOS\portable\GCC\ARM_CM4F</Filter>
    </ClCompile>
    <ClInclude Include="..\..\..\..\lib\FreeRTOS\portable\GCC\ARM_CM4F\portmacro.h">
      <Filter>FreeRTOS\portable\GCC\ARM_CM4F</Filter>
    </ClInclude>
    <ClCompile Include="..\..\..\..\lib\FreeRTOS\portable\MemMang\heap_4.c">
      <Filter>FreeRTOS\portable\MemMang</Filter>
    </ClCompile>
    <ClCompile Include="$(EFP_BASE)\Profiler\FastSemihosting.cpp">
      <Filter>Source files\Device-specific files\Semihosting/Profiler</Filter>
    </ClCompile>
    <ClCompile Include="$(EFP_BASE)\Profiler\SamplingProfiler.cpp">
      <Filter>Source files\Device-specific files\Semihosting/Profiler</Filter>
    </ClCompile>
    <ClCompile Include="$(EFP_BASE)\Profiler\InstrumentingProfiler.cpp">
      <Filter>Source files\Device-specific files\Semihosting/Profiler</Filter>
    </ClCompile>
    <ClCompile Include="$(EFP_BASE)\Profiler\ProfilerRTOS_FreeRTOS.c">
      <Filter>Source files\Device-specific files\Semihosting/Profiler</Filter>
    </ClCompile>
    <ClInclude Include="$(EFP_BASE)\Profiler\SysprogsProfiler.h">
      <Filter>Header files\Device-specific files\Semihosting/Profiler</Filter>
    </ClInclude>
    <ClInclude Include="$(EFP_BASE)\Profiler\SmallNumberCoder.h">
      <Filter>Header files\Device-specific files\Semihosting/Profiler</Filter>
    </ClInclude>
    <ClInclude Include="$(EFP_BASE)\Profiler\SysprogsProfilerInterface.h">
      <Filter>Header files\Device-specific files\Semihosting/Profiler</Filter>
    </ClInclude>
    <ClInclude Include="$(EFP_BASE)\Profiler\ProfilerFreeRTOSHooks.h">
      <Filter>Header files\Device-specific files\Semihosting/Profiler</Filter>
    </ClInclude>
    <ClInclude Include="$(EFP_BASE)\Profiler\CustomRealTimeWatches.h">
      <Filter>Header files\Device-specific files\Semihosting/Profiler</Filter>
    </ClInclude>
    <ClInclude Include="$(EFP_BASE)\Profiler\DebuggerChecker.h">
      <Filter>Header files\Device-specific files\Semihosting/Profiler</Filter>
    </ClInclude>
    <ClCompile Include="..\..\..\..\lib\Chimera\Chimera\chimera.cpp">
      <Filter>Chimera</Filter>
    </ClCompile>
    <ClCompile Include="..\..\..\..\lib\Chimera\Chimera\chimera_allocator.cpp">
      <Filter>Chimera</Filter>
    </ClCompile>
    <ClCompile Include="..\..\..\..\lib\Chimera\Chimera\chimera_buffer.cpp">
      <Filter>Chimera</Filter>
    </ClCompile>
    <ClCompile Include="..\..\..\..\lib\Chimera\Chimera\chimera_container.cpp">
      <Filter>Chimera</Filter>
    </ClCompile>
    <ClCompile Include="..\..\..\..\lib\Chimera\Chimera\chimera_crc.cpp">
      <Filter>Chimera</Filter>
    </ClCompile>
    <ClCompile Include="..\..\..\..\lib\Chimera\Chimera\chimera_exception.cpp">
      <Filter>Chimera</Filter>
    </ClCompile>
    <ClCompile Include="..\..\..\..\lib\Chimera\Chimera\chimera_logging.cpp">
      <Filter>Chimera</Filter>
    </ClCompile>
    <ClCompile Include="..\..\..\..\lib\Chimera\Chimera\chimera_system.cpp">
      <Filter>Chimera</Filter>
    </ClCompile>
    <ClCompile Include="..\..\..\..\lib\Chimera\Chimera\chimera_threading.cpp">
      <Filter>Chimera</Filter>
    </ClCompile>
    <ClCompile Include="..\..\..\..\lib\Chimera\Chimera\chimera_watchdog.cpp">
      <Filter>Chimera</Filter>
    </ClCompile>
    <ClInclude Include="..\..\..\..\lib\Chimera\Chimera\allocator.hpp">
      <Filter>Chimera</Filter>
    </ClInclude>
    <ClInclude Include="..\..\..\..\lib\Chimera\Chimera\assert.hpp">
      <Filter>Chimera</Filter>
    </ClInclude>
    <ClInclude Include="..\..\..\..\lib\Chimera\Chimera\buffer.hpp">
      <Filter>Chimera</Filter>
    </ClInclude>
    <ClInclude Include="..\..\..\..\lib\Chimera\Chimera\chimera.hpp">
      <Filter>Chimera</Filter>
    </ClInclude>
    <ClInclude Include="..\..\..\..\lib\Chimera\Chimera\container.hpp">
      <Filter>Chimera</Filter>
    </ClInclude>
    <ClInclude Include="..\..\..\..\lib\Chimera\Chimera\crc.hpp">
      <Filter>Chimera</Filter>
    </ClInclude>
    <ClInclude Include="..\..\..\..\lib\Chimera\Chimera\dma.hpp">
      <Filter>Chimera</Filter>
    </ClInclude>
    <ClInclude Include="..\..\..\..\lib\Chimera\Chimera\exception.hpp">
      <Filter>Chimera</Filter>
    </ClInclude>
    <ClInclude Include="..\..\..\..\lib\Chimera\Chimera\gpio.hpp">
      <Filter>Chimera</Filter>
    </ClInclude>
    <ClInclude Include="..\..\..\..\lib\Chimera\Chimera\logging.hpp">
      <Filter>Chimera</Filter>
    </ClInclude>
    <ClInclude Include="..\..\..\..\lib\Chimera\Chimera\memory.hpp">
      <Filter>Chimera</Filter>
    </ClInclude>
    <ClInclude Include="..\..\..\..\lib\Chimera\Chimera\power.hpp">
      <Filter>Chimera</Filter>
    </ClInclude>
    <ClInclude Include="..\..\..\..\lib\Chimera\Chimera\preprocessor.hpp">
      <Filter>Chimera</Filter>
    </ClInclude>
    <ClInclude Include="..\..\..\..\lib\Chimera\Chimera\serial.hpp">
      <Filter>Chimera</Filter>
    </ClInclude>
    <ClInclude Include="..\..\..\..\lib\Chimera\Chimera\spi.hpp">
      <Filter>Chimera</Filter>
    </ClInclude>
    <ClInclude Include="..\..\..\..\lib\Chimera\Chimera\system.hpp">
      <Filter>Chimera</Filter>
    </ClInclude>
    <ClInclude Include="..\..\..\..\lib\Chimera\Chimera\threading.hpp">
      <Filter>Chimera</Filter>
    </ClInclude>
    <ClInclude Include="..\..\..\..\lib\Chimera\Chimera\utilities.hpp">
      <Filter>Chimera</Filter>
    </ClInclude>
    <ClInclude Include="..\..\..\..\lib\Chimera\Chimera\watchdog.hpp">
      <Filter>Chimera</Filter>
    </ClInclude>
    <ClInclude Include="..\..\..\..\lib\Chimera\Chimera\constants\common.hpp">
      <Filter>Chimera\constants</Filter>
    </ClInclude>
    <ClInclude Include="..\..\..\..\lib\Chimera\Chimera\constants\physics.hpp">
      <Filter>Chimera\constants</Filter>
    </ClInclude>
    <ClInclude Include="..\..\..\..\lib\Chimera\Chimera\constants\units.hpp">
      <Filter>Chimera\constants</Filter>
    </ClInclude>
    <ClInclude Include="..\..\..\..\lib\Chimera\Chimera\extensions\common.hpp">
      <Filter>Chimera\extensions</Filter>
    </ClInclude>
    <ClInclude Include="..\..\..\..\lib\Chimera\Chimera\extensions\spi_ext.hpp">
      <Filter>Chimera\extensions</Filter>
    </ClInclude>
    <ClInclude Include="..\..\..\..\lib\Chimera\Chimera\interface\buffer_intf.hpp">
      <Filter>Chimera\interface</Filter>
    </ClInclude>
    <ClInclude Include="..\..\..\..\lib\Chimera\Chimera\interface\callback_intf.hpp">
      <Filter>Chimera\interface</Filter>
    </ClInclude>
    <ClInclude Include="..\..\..\..\lib\Chimera\Chimera\interface\clock_intf.hpp">
      <Filter>Chimera\interface</Filter>
    </ClInclude>
    <ClInclude Include="..\..\..\..\lib\Chimera\Chimera\interface\compiler_intf.hpp">
      <Filter>Chimera\interface</Filter>
    </ClInclude>
    <ClInclude Include="..\..\..\..\lib\Chimera\Chimera\interface\crc_intf.hpp">
      <Filter>Chimera\interface</Filter>
    </ClInclude>
    <ClInclude Include="..\..\..\..\lib\Chimera\Chimera\interface\dma_intf.hpp">
      <Filter>Chimera\interface</Filter>
    </ClInclude>
    <ClInclude Include="..\..\..\..\lib\Chimera\Chimera\interface\ethernet_intf.hpp">
      <Filter>Chimera\interface</Filter>
    </ClInclude>
    <ClInclude Include="..\..\..\..\lib\Chimera\Chimera\interface\event_intf.hpp">
      <Filter>Chimera\interface</Filter>
    </ClInclude>
    <ClInclude Include="..\..\..\..\lib\Chimera\Chimera\interface\gpio_intf.hpp">
      <Filter>Chimera\interface</Filter>
    </ClInclude>
    <ClInclude Include="..\..\..\..\lib\Chimera\Chimera\interface\macro.hpp">
      <Filter>Chimera\interface</Filter>
    </ClInclude>
    <ClInclude Include="..\..\..\..\lib\Chimera\Chimera\interface\memory_intf.hpp">
      <Filter>Chimera\interface</Filter>
    </ClInclude>
    <ClInclude Include="..\..\..\..\lib\Chimera\Chimera\interface\power_intf.hpp">
      <Filter>Chimera\interface</Filter>
    </ClInclude>
    <ClInclude Include="..\..\..\..\lib\Chimera\Chimera\interface\serial_intf.hpp">
      <Filter>Chimera\interface</Filter>
    </ClInclude>
    <ClInclude Include="..\..\..\..\lib\Chimera\Chimera\interface\spi_intf.hpp">
      <Filter>Chimera\interface</Filter>
    </ClInclude>
    <ClInclude Include="..\..\..\..\lib\Chimera\Chimera\interface\system_intf.hpp">
      <Filter>Chimera\interface</Filter>
    </ClInclude>
    <ClInclude Include="..\..\..\..\lib\Chimera\Chimera\interface\threading_intf.hpp">
      <Filter>Chimera\interface</Filter>
    </ClInclude>
    <ClInclude Include="..\..\..\..\lib\Chimera\Chimera\interface\watchdog_intf.hpp">
      <Filter>Chimera\interface</Filter>
    </ClInclude>
    <ClCompile Include="..\..\..\..\lib\Chimera\Chimera\modules\freertos\freertos_hooks.cpp">
      <Filter>Chimera\modules\freertos</Filter>
    </ClCompile>
    <ClInclude Include="..\..\..\..\lib\Chimera\Chimera\modules\freertos\freertos_hooks.hpp">
      <Filter>Chimera\modules\freertos</Filter>
    </ClInclude>
    <ClCompile Include="..\..\..\..\lib\Chimera\Chimera\modules\memory\chimera_memory_device.cpp">
      <Filter>Chimera\modules\memory</Filter>
    </ClCompile>
    <ClInclude Include="..\..\..\..\lib\Chimera\Chimera\modules\memory\blockDevice.hpp">
      <Filter>Chimera\modules\memory</Filter>
    </ClInclude>
    <ClInclude Include="..\..\..\..\lib\Chimera\Chimera\modules\memory\device.hpp">
      <Filter>Chimera\modules\memory</Filter>
    </ClInclude>
    <ClInclude Include="..\..\..\..\lib\Chimera\Chimera\modules\sensors\imu\imu_intf.hpp">
      <Filter>Chimera\modules\sensors\imu</Filter>
    </ClInclude>
    <ClInclude Include="..\..\..\..\lib\Chimera\Chimera\modules\sensors\imu\imu_types.hpp">
      <Filter>Chimera\modules\sensors\imu</Filter>
    </ClInclude>
    <ClCompile Include="..\..\..\..\lib\Thor\Thor\sram.cpp">
      <Filter>Thor</Filter>
    </ClCompile>
    <ClCompile Include="..\..\..\..\lib\Thor\Thor\thor.cpp">
      <Filter>Thor</Filter>
    </ClCompile>
    <ClCompile Include="..\..\..\..\lib\Thor\Thor\thor_boost_stub.cpp">
      <Filter>Thor</Filter>
    </ClCompile>
    <ClCompile Include="..\..\..\..\lib\Thor\Thor\thor_core.cpp">
      <Filter>Thor</Filter>
    </ClCompile>
    <ClCompile Include="..\..\..\..\lib\Thor\Thor\thor_crc.cpp">
      <Filter>Thor</Filter>
    </ClCompile>
    <ClCompile Include="..\..\..\..\lib\Thor\Thor\thor_custom_dma.cpp">
      <Filter>Thor</Filter>
    </ClCompile>
    <ClCompile Include="..\..\..\..\lib\Thor\Thor\thor_custom_gpio.cpp">
      <Filter>Thor</Filter>
    </ClCompile>
    <ClCompile Include="..\..\..\..\lib\Thor\Thor\thor_custom_uart.cpp">
      <Filter>Thor</Filter>
    </ClCompile>
    <ClCompile Include="..\..\..\..\lib\Thor\Thor\thor_custom_usart.cpp">
      <Filter>Thor</Filter>
    </ClCompile>
    <ClCompile Include="..\..\..\..\lib\Thor\Thor\thor_custom_watchdog.cpp">
      <Filter>Thor</Filter>
    </ClCompile>
    <ClCompile Include="..\..\..\..\lib\Thor\Thor\thor_event.cpp">
      <Filter>Thor</Filter>
    </ClCompile>
    <ClCompile Include="..\..\..\..\lib\Thor\Thor\thor_exceptions.cpp">
      <Filter>Thor</Filter>
    </ClCompile>
    <ClCompile Include="..\..\..\..\lib\Thor\Thor\thor_exti.cpp">
      <Filter>Thor</Filter>
    </ClCompile>
    <ClCompile Include="..\..\..\..\lib\Thor\Thor\thor_flash.cpp">
      <Filter>Thor</Filter>
    </ClCompile>
    <ClCompile Include="..\..\..\..\lib\Thor\Thor\thor_gpio.cpp">
      <Filter>Thor</Filter>
    </ClCompile>
    <ClCompile Include="..\..\..\..\lib\Thor\Thor\thor_power.cpp">
      <Filter>Thor</Filter>
    </ClCompile>
    <ClCompile Include="..\..\..\..\lib\Thor\Thor\thor_print.cpp">
      <Filter>Thor</Filter>
    </ClCompile>
    <ClCompile Include="..\..\..\..\lib\Thor\Thor\thor_serial.cpp">
      <Filter>Thor</Filter>
    </ClCompile>
    <ClCompile Include="..\..\..\..\lib\Thor\Thor\thor_spi.cpp">
      <Filter>Thor</Filter>
    </ClCompile>
    <ClCompile Include="..\..\..\..\lib\Thor\Thor\thor_sram.cpp">
      <Filter>Thor</Filter>
    </ClCompile>
    <ClCompile Include="..\..\..\..\lib\Thor\Thor\thor_stm32hal_uart.cpp">
      <Filter>Thor</Filter>
    </ClCompile>
    <ClCompile Include="..\..\..\..\lib\Thor\Thor\thor_stm32hal_usart.cpp">
      <Filter>Thor</Filter>
    </ClCompile>
    <ClCompile Include="..\..\..\..\lib\Thor\Thor\thor_system.cpp">
      <Filter>Thor</Filter>
    </ClCompile>
    <ClInclude Include="..\..\..\..\lib\Thor\Thor\boostStub.hpp">
      <Filter>Thor</Filter>
    </ClInclude>
    <ClInclude Include="..\..\..\..\lib\Thor\Thor\config.hpp">
      <Filter>Thor</Filter>
    </ClInclude>
    <ClInclude Include="..\..\..\..\lib\Thor\Thor\core.hpp">
      <Filter>Thor</Filter>
    </ClInclude>
    <ClInclude Include="..\..\..\..\lib\Thor\Thor\crc.hpp">
      <Filter>Thor</Filter>
    </ClInclude>
    <ClInclude Include="..\..\..\..\lib\Thor\Thor\dma.hpp">
      <Filter>Thor</Filter>
    </ClInclude>
    <ClInclude Include="..\..\..\..\lib\Thor\Thor\ethernet.hpp">
      <Filter>Thor</Filter>
    </ClInclude>
    <ClInclude Include="..\..\..\..\lib\Thor\Thor\event.hpp">
      <Filter>Thor</Filter>
    </ClInclude>
    <ClInclude Include="..\..\..\..\lib\Thor\Thor\exceptions.hpp">
      <Filter>Thor</Filter>
    </ClInclude>
    <ClInclude Include="..\..\..\..\lib\Thor\Thor\exti.hpp">
      <Filter>Thor</Filter>
    </ClInclude>
    <ClInclude Include="..\..\..\..\lib\Thor\Thor\flash.hpp">
      <Filter>Thor</Filter>
    </ClInclude>
    <ClInclude Include="..\..\..\..\lib\Thor\Thor\gpio.hpp">
      <Filter>Thor</Filter>
    </ClInclude>
    <ClInclude Include="..\..\..\..\lib\Thor\Thor\headers.hpp">
      <Filter>Thor</Filter>
    </ClInclude>
    <ClInclude Include="..\..\..\..\lib\Thor\Thor\macro.hpp">
      <Filter>Thor</Filter>
    </ClInclude>
    <ClInclude Include="..\..\..\..\lib\Thor\Thor\nucleo.hpp">
      <Filter>Thor</Filter>
    </ClInclude>
    <ClInclude Include="..\..\..\..\lib\Thor\Thor\power.hpp">
      <Filter>Thor</Filter>
    </ClInclude>
    <ClInclude Include="..\..\..\..\lib\Thor\Thor\preprocessor.hpp">
      <Filter>Thor</Filter>
    </ClInclude>
    <ClInclude Include="..\..\..\..\lib\Thor\Thor\print.hpp">
      <Filter>Thor</Filter>
    </ClInclude>
    <ClInclude Include="..\..\..\..\lib\Thor\Thor\serial.hpp">
      <Filter>Thor</Filter>
    </ClInclude>
    <ClInclude Include="..\..\..\..\lib\Thor\Thor\spi.hpp">
      <Filter>Thor</Filter>
    </ClInclude>
    <ClInclude Include="..\..\..\..\lib\Thor\Thor\sram.hpp">
      <Filter>Thor</Filter>
    </ClInclude>
    <ClInclude Include="..\..\..\..\lib\Thor\Thor\system.hpp">
      <Filter>Thor</Filter>
    </ClInclude>
    <ClInclude Include="..\..\..\..\lib\Thor\Thor\thor.hpp">
      <Filter>Thor</Filter>
    </ClInclude>
    <ClInclude Include="..\..\..\..\lib\Thor\Thor\uart.hpp">
      <Filter>Thor</Filter>
    </ClInclude>
    <ClInclude Include="..\..\..\..\lib\Thor\Thor\usart.hpp">
      <Filter>Thor</Filter>
    </ClInclude>
    <ClInclude Include="..\..\..\..\lib\Thor\Thor\watchdog.hpp">
      <Filter>Thor</Filter>
    </ClInclude>
    <ClInclude Include="..\..\..\..\lib\Thor\Thor\config\chimera\chimeraPort.hpp">
      <Filter>Thor\config\chimera</Filter>
    </ClInclude>
    <ClInclude Include="..\..\..\..\lib\Thor\Thor\config\templates\thorDriverConfig.hpp">
      <Filter>Thor\config\templates</Filter>
    </ClInclude>
    <ClCompile Include="..\..\..\..\lib\Thor\Thor\defaults\serial_defaults.cpp">
      <Filter>Thor\defaults</Filter>
    </ClCompile>
    <ClCompile Include="..\..\..\..\lib\Thor\Thor\defaults\spi_defaults.cpp">
      <Filter>Thor\defaults</Filter>
    </ClCompile>
    <ClInclude Include="..\..\..\..\lib\Thor\Thor\defaults\serial_defaults.hpp">
      <Filter>Thor\defaults</Filter>
    </ClInclude>
    <ClInclude Include="..\..\..\..\lib\Thor\Thor\defaults\spi_defaults.hpp">
      <Filter>Thor\defaults</Filter>
    </ClInclude>
    <ClInclude Include="..\..\..\..\lib\Thor\Thor\definitions\dma_definitions.hpp">
      <Filter>Thor\definitions</Filter>
    </ClInclude>
    <ClInclude Include="..\..\..\..\lib\Thor\Thor\definitions\interrupt_definitions.hpp">
      <Filter>Thor\definitions</Filter>
    </ClInclude>
    <ClInclude Include="..\..\..\..\lib\Thor\Thor\definitions\serial_definitions.hpp">
      <Filter>Thor\definitions</Filter>
    </ClInclude>
    <ClInclude Include="..\..\..\..\lib\Thor\Thor\definitions\spi_definitions.hpp">
      <Filter>Thor\definitions</Filter>
    </ClInclude>
    <ClInclude Include="..\..\..\..\lib\Thor\Thor\definitions\system_checks.hpp">
      <Filter>Thor\definitions</Filter>
    </ClInclude>
    <ClInclude Include="..\..\..\..\lib\Thor\Thor\definitions\uart_definitions.hpp">
      <Filter>Thor\definitions</Filter>
    </ClInclude>
    <ClInclude Include="..\..\..\..\lib\Thor\Thor\definitions\usart_definitions.hpp">
      <Filter>Thor\definitions</Filter>
    </ClInclude>
    <ClInclude Include="..\..\..\..\lib\Thor\Thor\drivers\dma.hpp">
      <Filter>Thor\drivers</Filter>
    </ClInclude>
    <ClInclude Include="..\..\..\..\lib\Thor\Thor\drivers\GPIO.hpp">
      <Filter>Thor\drivers</Filter>
    </ClInclude>
    <ClInclude Include="..\..\..\..\lib\Thor\Thor\drivers\interrupt.hpp">
      <Filter>Thor\drivers</Filter>
    </ClInclude>
    <ClInclude Include="..\..\..\..\lib\Thor\Thor\drivers\NVIC.hpp">
      <Filter>Thor\drivers</Filter>
    </ClInclude>
    <ClInclude Include="..\..\..\..\lib\Thor\Thor\drivers\RCC.hpp">
      <Filter>Thor\drivers</Filter>
    </ClInclude>
    <ClInclude Include="..\..\..\..\lib\Thor\Thor\drivers\Uart.hpp">
      <Filter>Thor\drivers</Filter>
    </ClInclude>
    <ClInclude Include="..\..\..\..\lib\Thor\Thor\drivers\Usart.hpp">
      <Filter>Thor\drivers</Filter>
    </ClInclude>
    <ClInclude Include="..\..\..\..\lib\Thor\Thor\drivers\watchdog.hpp">
      <Filter>Thor\drivers</Filter>
    </ClInclude>
    <ClInclude Include="..\..\..\..\lib\Thor\Thor\drivers\common\cmsis\configuration.hpp">
      <Filter>Thor\drivers\common\cmsis</Filter>
    </ClInclude>
    <ClInclude Include="..\..\..\..\lib\Thor\Thor\drivers\common\cmsis\core\include\cmsis_compiler.h">
      <Filter>Thor\drivers\common\cmsis\core\include</Filter>
    </ClInclude>
    <ClInclude Include="..\..\..\..\lib\Thor\Thor\drivers\common\cmsis\core\include\cmsis_gcc.h">
      <Filter>Thor\drivers\common\cmsis\core\include</Filter>
    </ClInclude>
    <ClInclude Include="..\..\..\..\lib\Thor\Thor\drivers\common\cmsis\core\include\cmsis_version.h">
      <Filter>Thor\drivers\common\cmsis\core\include</Filter>
    </ClInclude>
    <ClInclude Include="..\..\..\..\lib\Thor\Thor\drivers\common\cmsis\core\include\core_cm4.h">
      <Filter>Thor\drivers\common\cmsis\core\include</Filter>
    </ClInclude>
    <ClInclude Include="..\..\..\..\lib\Thor\Thor\drivers\common\cmsis\core\include\mpu_armv7.h">
      <Filter>Thor\drivers\common\cmsis\core\include</Filter>
    </ClInclude>
    <ClInclude Include="..\..\..\..\lib\Thor\Thor\drivers\common\cortex-m4\register.hpp">
      <Filter>Thor\drivers\common\cortex-m4</Filter>
    </ClInclude>
    <ClInclude Include="..\..\..\..\lib\Thor\Thor\drivers\common\cortex-m4\utilities.hpp">
      <Filter>Thor\drivers\common\cortex-m4</Filter>
    </ClInclude>
    <ClInclude Include="..\..\..\..\lib\Thor\Thor\drivers\common\cortex-m7\register.hpp">
      <Filter>Thor\drivers\common\cortex-m7</Filter>
    </ClInclude>
    <ClInclude Include="..\..\..\..\lib\Thor\Thor\drivers\common\interrupts\dma_interrupt_vectors.hpp">
      <Filter>Thor\drivers\common\interrupts</Filter>
    </ClInclude>
    <ClInclude Include="..\..\..\..\lib\Thor\Thor\drivers\common\interrupts\usart_interrupt_vectors.hpp">
      <Filter>Thor\drivers\common\interrupts</Filter>
    </ClInclude>
    <ClCompile Include="..\..\..\..\lib\Thor\Thor\drivers\common\mapping\peripheral_mapping.cpp">
      <Filter>Thor\drivers\common\mapping</Filter>
    </ClCompile>
    <ClInclude Include="..\..\..\..\lib\Thor\Thor\drivers\common\mapping\peripheral_mapping.hpp">
      <Filter>Thor\drivers\common\mapping</Filter>
    </ClInclude>
    <ClInclude Include="..\..\..\..\lib\Thor\Thor\drivers\common\types\callback_types.hpp">
      <Filter>Thor\drivers\common\types</Filter>
    </ClInclude>
    <ClInclude Include="..\..\..\..\lib\Thor\Thor\drivers\common\types\dma_types.hpp">
      <Filter>Thor\drivers\common\types</Filter>
    </ClInclude>
    <ClInclude Include="..\..\..\..\lib\Thor\Thor\drivers\common\types\gpio_types.hpp">
      <Filter>Thor\drivers\common\types</Filter>
    </ClInclude>
    <ClInclude Include="..\..\..\..\lib\Thor\Thor\drivers\common\types\interrupt_types.hpp">
      <Filter>Thor\drivers\common\types</Filter>
    </ClInclude>
    <ClInclude Include="..\..\..\..\lib\Thor\Thor\drivers\common\types\serial_types.hpp">
      <Filter>Thor\drivers\common\types</Filter>
    </ClInclude>
    <ClInclude Include="..\..\..\..\lib\Thor\Thor\drivers\f4\common\definitions.hpp">
      <Filter>Thor\drivers\f4\common</Filter>
    </ClInclude>
    <ClInclude Include="..\..\..\..\lib\Thor\Thor\drivers\f4\common\types.hpp">
      <Filter>Thor\drivers\f4\common</Filter>
    </ClInclude>
    <ClCompile Include="..\..\..\..\lib\Thor\Thor\drivers\f4\dma\hw_dma_driver_stm32f4.cpp">
      <Filter>Thor\drivers\f4\dma</Filter>
    </ClCompile>
    <ClCompile Include="..\..\..\..\lib\Thor\Thor\drivers\f4\dma\hw_dma_mapping.cpp">
      <Filter>Thor\drivers\f4\dma</Filter>
    </ClCompile>
    <ClInclude Include="..\..\..\..\lib\Thor\Thor\drivers\f4\dma\hw_dma_driver.hpp">
      <Filter>Thor\drivers\f4\dma</Filter>
    </ClInclude>
    <ClInclude Include="..\..\..\..\lib\Thor\Thor\drivers\f4\dma\hw_dma_mapping.hpp">
      <Filter>Thor\drivers\f4\dma</Filter>
    </ClInclude>
    <ClInclude Include="..\..\..\..\lib\Thor\Thor\drivers\f4\dma\hw_dma_prj.hpp">
      <Filter>Thor\drivers\f4\dma</Filter>
    </ClInclude>
    <ClInclude Include="..\..\..\..\lib\Thor\Thor\drivers\f4\dma\hw_dma_register_stm32f446xx.hpp">
      <Filter>Thor\drivers\f4\dma</Filter>
    </ClInclude>
    <ClInclude Include="..\..\..\..\lib\Thor\Thor\drivers\f4\dma\hw_dma_types.hpp">
      <Filter>Thor\drivers\f4\dma</Filter>
    </ClInclude>
    <ClCompile Include="..\..\..\..\lib\Thor\Thor\drivers\f4\flash\hw_flash_driver_stm32f4.cpp">
      <Filter>Thor\drivers\f4\flash</Filter>
    </ClCompile>
    <ClInclude Include="..\..\..\..\lib\Thor\Thor\drivers\f4\flash\hw_flash_driver.hpp">
      <Filter>Thor\drivers\f4\flash</Filter>
    </ClInclude>
    <ClInclude Include="..\..\..\..\lib\Thor\Thor\drivers\f4\flash\hw_flash_prj.hpp">
      <Filter>Thor\drivers\f4\flash</Filter>
    </ClInclude>
    <ClInclude Include="..\..\..\..\lib\Thor\Thor\drivers\f4\flash\hw_flash_register_stm32f446xx.hpp">
      <Filter>Thor\drivers\f4\flash</Filter>
    </ClInclude>
    <ClInclude Include="..\..\..\..\lib\Thor\Thor\drivers\f4\flash\hw_flash_types.hpp">
      <Filter>Thor\drivers\f4\flash</Filter>
    </ClInclude>
    <ClCompile Include="..\..\..\..\lib\Thor\Thor\drivers\f4\gpio\hw_gpio_driver_stm32f4.cpp">
      <Filter>Thor\drivers\f4\gpio</Filter>
    </ClCompile>
    <ClCompile Include="..\..\..\..\lib\Thor\Thor\drivers\f4\gpio\hw_gpio_mapping.cpp">
      <Filter>Thor\drivers\f4\gpio</Filter>
    </ClCompile>
    <ClCompile Include="..\..\..\..\lib\Thor\Thor\drivers\f4\gpio\hw_gpio_types.cpp">
      <Filter>Thor\drivers\f4\gpio</Filter>
    </ClCompile>
    <ClInclude Include="..\..\..\..\lib\Thor\Thor\drivers\f4\gpio\hw_gpio_driver.hpp">
      <Filter>Thor\drivers\f4\gpio</Filter>
    </ClInclude>
    <ClInclude Include="..\..\..\..\lib\Thor\Thor\drivers\f4\gpio\hw_gpio_mapping.hpp">
      <Filter>Thor\drivers\f4\gpio</Filter>
    </ClInclude>
    <ClInclude Include="..\..\..\..\lib\Thor\Thor\drivers\f4\gpio\hw_gpio_prj.hpp">
      <Filter>Thor\drivers\f4\gpio</Filter>
    </ClInclude>
    <ClInclude Include="..\..\..\..\lib\Thor\Thor\drivers\f4\gpio\hw_gpio_register_stm32f446xx.hpp">
      <Filter>Thor\drivers\f4\gpio</Filter>
    </ClInclude>
    <ClInclude Include="..\..\..\..\lib\Thor\Thor\drivers\f4\gpio\hw_gpio_types.hpp">
      <Filter>Thor\drivers\f4\gpio</Filter>
    </ClInclude>
    <ClInclude Include="..\..\..\..\lib\Thor\Thor\drivers\f4\interrupt\hw_it_prj.hpp">
      <Filter>Thor\drivers\f4\interrupt</Filter>
    </ClInclude>
    <ClInclude Include="..\..\..\..\lib\Thor\Thor\drivers\f4\interrupt\hw_it_register_stm32f446xx.hpp">
      <Filter>Thor\drivers\f4\interrupt</Filter>
    </ClInclude>
    <ClCompile Include="..\..\..\..\lib\Thor\Thor\drivers\f4\iwdg\hw_iwdg_driver_stm32f4.cpp">
      <Filter>Thor\drivers\f4\iwdg</Filter>
    </ClCompile>
    <ClCompile Include="..\..\..\..\lib\Thor\Thor\drivers\f4\iwdg\hw_iwdg_mapping.cpp">
      <Filter>Thor\drivers\f4\iwdg</Filter>
    </ClCompile>
    <ClCompile Include="..\..\..\..\lib\Thor\Thor\drivers\f4\iwdg\hw_iwdg_types.cpp">
      <Filter>Thor\drivers\f4\iwdg</Filter>
    </ClCompile>
    <ClInclude Include="..\..\..\..\lib\Thor\Thor\drivers\f4\iwdg\hw_iwdg_driver.hpp">
      <Filter>Thor\drivers\f4\iwdg</Filter>
    </ClInclude>
    <ClInclude Include="..\..\..\..\lib\Thor\Thor\drivers\f4\iwdg\hw_iwdg_mapping.hpp">
      <Filter>Thor\drivers\f4\iwdg</Filter>
    </ClInclude>
    <ClInclude Include="..\..\..\..\lib\Thor\Thor\drivers\f4\iwdg\hw_iwdg_prj.hpp">
      <Filter>Thor\drivers\f4\iwdg</Filter>
    </ClInclude>
    <ClInclude Include="..\..\..\..\lib\Thor\Thor\drivers\f4\iwdg\hw_iwdg_register_stm32f446xx.hpp">
      <Filter>Thor\drivers\f4\iwdg</Filter>
    </ClInclude>
    <ClInclude Include="..\..\..\..\lib\Thor\Thor\drivers\f4\iwdg\hw_iwdg_types.hpp">
      <Filter>Thor\drivers\f4\iwdg</Filter>
    </ClInclude>
    <ClCompile Include="..\..\..\..\lib\Thor\Thor\drivers\f4\nvic\hw_nvic_driver_stm32f4.cpp">
      <Filter>Thor\drivers\f4\nvic</Filter>
    </ClCompile>
    <ClInclude Include="..\..\..\..\lib\Thor\Thor\drivers\f4\nvic\hw_nvic_driver.hpp">
      <Filter>Thor\drivers\f4\nvic</Filter>
    </ClInclude>
    <ClInclude Include="..\..\..\..\lib\Thor\Thor\drivers\f4\nvic\hw_nvic_prj.hpp">
      <Filter>Thor\drivers\f4\nvic</Filter>
    </ClInclude>
    <ClInclude Include="..\..\..\..\lib\Thor\Thor\drivers\f4\nvic\hw_nvic_register_stm32f446xx.hpp">
      <Filter>Thor\drivers\f4\nvic</Filter>
    </ClInclude>
    <ClInclude Include="..\..\..\..\lib\Thor\Thor\drivers\f4\nvic\hw_nvic_types.hpp">
      <Filter>Thor\drivers\f4\nvic</Filter>
    </ClInclude>
    <ClCompile Include="..\..\..\..\lib\Thor\Thor\drivers\f4\power\hw_power_driver_stm32f4.cpp">
      <Filter>Thor\drivers\f4\power</Filter>
    </ClCompile>
    <ClInclude Include="..\..\..\..\lib\Thor\Thor\drivers\f4\power\hw_power_driver.hpp">
      <Filter>Thor\drivers\f4\power</Filter>
    </ClInclude>
    <ClInclude Include="..\..\..\..\lib\Thor\Thor\drivers\f4\power\hw_power_mapping.hpp">
      <Filter>Thor\drivers\f4\power</Filter>
    </ClInclude>
    <ClInclude Include="..\..\..\..\lib\Thor\Thor\drivers\f4\power\hw_power_prj.hpp">
      <Filter>Thor\drivers\f4\power</Filter>
    </ClInclude>
    <ClInclude Include="..\..\..\..\lib\Thor\Thor\drivers\f4\power\hw_power_register_stm32f446xx.hpp">
      <Filter>Thor\drivers\f4\power</Filter>
    </ClInclude>
    <ClInclude Include="..\..\..\..\lib\Thor\Thor\drivers\f4\power\hw_power_types.hpp">
      <Filter>Thor\drivers\f4\power</Filter>
    </ClInclude>
    <ClCompile Include="..\..\..\..\lib\Thor\Thor\drivers\f4\rcc\hw_rcc_config_stm32f446xx.cpp">
      <Filter>Thor\drivers\f4\rcc</Filter>
    </ClCompile>
    <ClCompile Include="..\..\..\..\lib\Thor\Thor\drivers\f4\rcc\hw_rcc_driver_stm32f4.cpp">
      <Filter>Thor\drivers\f4\rcc</Filter>
    </ClCompile>
    <ClCompile Include="..\..\..\..\lib\Thor\Thor\drivers\f4\rcc\hw_rcc_mapping_dma.cpp">
      <Filter>Thor\drivers\f4\rcc</Filter>
    </ClCompile>
    <ClCompile Include="..\..\..\..\lib\Thor\Thor\drivers\f4\rcc\hw_rcc_mapping_gpio.cpp">
      <Filter>Thor\drivers\f4\rcc</Filter>
    </ClCompile>
    <ClCompile Include="..\..\..\..\lib\Thor\Thor\drivers\f4\rcc\hw_rcc_mapping_uart.cpp">
      <Filter>Thor\drivers\f4\rcc</Filter>
    </ClCompile>
    <ClCompile Include="..\..\..\..\lib\Thor\Thor\drivers\f4\rcc\hw_rcc_mapping_usart.cpp">
      <Filter>Thor\drivers\f4\rcc</Filter>
    </ClCompile>
    <ClCompile Include="..\..\..\..\lib\Thor\Thor\drivers\f4\rcc\hw_rcc_mapping_wwdg.cpp">
      <Filter>Thor\drivers\f4\rcc</Filter>
    </ClCompile>
    <ClInclude Include="..\..\..\..\lib\Thor\Thor\drivers\f4\rcc\hw_rcc_config_stm32f446xx.hpp">
      <Filter>Thor\drivers\f4\rcc</Filter>
    </ClInclude>
    <ClInclude Include="..\..\..\..\lib\Thor\Thor\drivers\f4\rcc\hw_rcc_driver.hpp">
      <Filter>Thor\drivers\f4\rcc</Filter>
    </ClInclude>
    <ClInclude Include="..\..\..\..\lib\Thor\Thor\drivers\f4\rcc\hw_rcc_driver_prv.hpp">
      <Filter>Thor\drivers\f4\rcc</Filter>
    </ClInclude>
    <ClInclude Include="..\..\..\..\lib\Thor\Thor\drivers\f4\rcc\hw_rcc_mapping.hpp">
      <Filter>Thor\drivers\f4\rcc</Filter>
    </ClInclude>
    <ClInclude Include="..\..\..\..\lib\Thor\Thor\drivers\f4\rcc\hw_rcc_prj.hpp">
      <Filter>Thor\drivers\f4\rcc</Filter>
    </ClInclude>
    <ClInclude Include="..\..\..\..\lib\Thor\Thor\drivers\f4\rcc\hw_rcc_register_stm32f446xx.hpp">
      <Filter>Thor\drivers\f4\rcc</Filter>
    </ClInclude>
    <ClInclude Include="..\..\..\..\lib\Thor\Thor\drivers\f4\rcc\hw_rcc_types.hpp">
      <Filter>Thor\drivers\f4\rcc</Filter>
    </ClInclude>
    <ClCompile Include="..\..\..\..\lib\Thor\Thor\drivers\f4\startup\startup_common_init.cpp">
      <Filter>Thor\drivers\f4\startup</Filter>
    </ClCompile>
    <ClCompile Include="..\..\..\..\lib\Thor\Thor\drivers\f4\startup\startup_stm32f446xx.c">
      <Filter>Thor\drivers\f4\startup</Filter>
    </ClCompile>
    <ClCompile Include="..\..\..\..\lib\Thor\Thor\drivers\f4\system\sys_common_exit.cpp">
      <Filter>Thor\drivers\f4\system</Filter>
    </ClCompile>
    <ClCompile Include="..\..\..\..\lib\Thor\Thor\drivers\f4\system\sys_common_init.cpp">
      <Filter>Thor\drivers\f4\system</Filter>
    </ClCompile>
    <ClInclude Include="..\..\..\..\lib\Thor\Thor\drivers\f4\system\sys_memory_map_prj.hpp">
      <Filter>Thor\drivers\f4\system</Filter>
    </ClInclude>
    <ClInclude Include="..\..\..\..\lib\Thor\Thor\drivers\f4\system\sys_memory_map_stm32f446xx.hpp">
      <Filter>Thor\drivers\f4\system</Filter>
    </ClInclude>
    <ClCompile Include="..\..\..\..\lib\Thor\Thor\drivers\f4\uart\hw_uart_driver.cpp">
      <Filter>Thor\drivers\f4\uart</Filter>
    </ClCompile>
    <ClCompile Include="..\..\..\..\lib\Thor\Thor\drivers\f4\uart\hw_uart_mapping.cpp">
      <Filter>Thor\drivers\f4\uart</Filter>
    </ClCompile>
    <ClInclude Include="..\..\..\..\lib\Thor\Thor\drivers\f4\uart\hw_uart_driver.hpp">
      <Filter>Thor\drivers\f4\uart</Filter>
    </ClInclude>
    <ClInclude Include="..\..\..\..\lib\Thor\Thor\drivers\f4\uart\hw_uart_mapping.hpp">
      <Filter>Thor\drivers\f4\uart</Filter>
    </ClInclude>
    <ClInclude Include="..\..\..\..\lib\Thor\Thor\drivers\f4\uart\hw_uart_prj.hpp">
      <Filter>Thor\drivers\f4\uart</Filter>
    </ClInclude>
    <ClInclude Include="..\..\..\..\lib\Thor\Thor\drivers\f4\uart\hw_uart_register_stm32f446xx.hpp">
      <Filter>Thor\drivers\f4\uart</Filter>
    </ClInclude>
    <ClInclude Include="..\..\..\..\lib\Thor\Thor\drivers\f4\uart\hw_uart_stubs.hpp">
      <Filter>Thor\drivers\f4\uart</Filter>
    </ClInclude>
    <ClInclude Include="..\..\..\..\lib\Thor\Thor\drivers\f4\uart\hw_uart_types.hpp">
      <Filter>Thor\drivers\f4\uart</Filter>
    </ClInclude>
    <ClCompile Include="..\..\..\..\lib\Thor\Thor\drivers\f4\usart\hw_usart_driver_stm32f4.cpp">
      <Filter>Thor\drivers\f4\usart</Filter>
    </ClCompile>
    <ClCompile Include="..\..\..\..\lib\Thor\Thor\drivers\f4\usart\hw_usart_mapping.cpp">
      <Filter>Thor\drivers\f4\usart</Filter>
    </ClCompile>
    <ClInclude Include="..\..\..\..\lib\Thor\Thor\drivers\f4\usart\hw_usart_driver.hpp">
      <Filter>Thor\drivers\f4\usart</Filter>
    </ClInclude>
    <ClInclude Include="..\..\..\..\lib\Thor\Thor\drivers\f4\usart\hw_usart_mapping.hpp">
      <Filter>Thor\drivers\f4\usart</Filter>
    </ClInclude>
    <ClInclude Include="..\..\..\..\lib\Thor\Thor\drivers\f4\usart\hw_usart_prj.hpp">
      <Filter>Thor\drivers\f4\usart</Filter>
    </ClInclude>
    <ClInclude Include="..\..\..\..\lib\Thor\Thor\drivers\f4\usart\hw_usart_register_stm32f446xx.hpp">
      <Filter>Thor\drivers\f4\usart</Filter>
    </ClInclude>
    <ClInclude Include="..\..\..\..\lib\Thor\Thor\drivers\f4\usart\hw_usart_types.hpp">
      <Filter>Thor\drivers\f4\usart</Filter>
    </ClInclude>
    <ClCompile Include="..\..\..\..\lib\Thor\Thor\drivers\f4\wwdg\hw_wwdg_driver_stm32f4.cpp">
      <Filter>Thor\drivers\f4\wwdg</Filter>
    </ClCompile>
    <ClCompile Include="..\..\..\..\lib\Thor\Thor\drivers\f4\wwdg\hw_wwdg_mapping.cpp">
      <Filter>Thor\drivers\f4\wwdg</Filter>
    </ClCompile>
    <ClCompile Include="..\..\..\..\lib\Thor\Thor\drivers\f4\wwdg\hw_wwdg_types.cpp">
      <Filter>Thor\drivers\f4\wwdg</Filter>
    </ClCompile>
    <ClInclude Include="..\..\..\..\lib\Thor\Thor\drivers\f4\wwdg\hw_wwdg_driver.hpp">
      <Filter>Thor\drivers\f4\wwdg</Filter>
    </ClInclude>
    <ClInclude Include="..\..\..\..\lib\Thor\Thor\drivers\f4\wwdg\hw_wwdg_mapping.hpp">
      <Filter>Thor\drivers\f4\wwdg</Filter>
    </ClInclude>
    <ClInclude Include="..\..\..\..\lib\Thor\Thor\drivers\f4\wwdg\hw_wwdg_prj.hpp">
      <Filter>Thor\drivers\f4\wwdg</Filter>
    </ClInclude>
    <ClInclude Include="..\..\..\..\lib\Thor\Thor\drivers\f4\wwdg\hw_wwdg_register_stm32f446xx.hpp">
      <Filter>Thor\drivers\f4\wwdg</Filter>
    </ClInclude>
    <ClInclude Include="..\..\..\..\lib\Thor\Thor\drivers\f4\wwdg\hw_wwdg_types.hpp">
      <Filter>Thor\drivers\f4\wwdg</Filter>
    </ClInclude>
    <ClInclude Include="..\..\..\..\lib\Thor\Thor\drivers\model\callback_model.hpp">
      <Filter>Thor\drivers\model</Filter>
    </ClInclude>
    <ClInclude Include="..\..\..\..\lib\Thor\Thor\drivers\model\dma_model.hpp">
      <Filter>Thor\drivers\model</Filter>
    </ClInclude>
    <ClInclude Include="..\..\..\..\lib\Thor\Thor\drivers\model\gpio_model.hpp">
      <Filter>Thor\drivers\model</Filter>
    </ClInclude>
    <ClInclude Include="..\..\..\..\lib\Thor\Thor\drivers\model\interrupt_model.hpp">
      <Filter>Thor\drivers\model</Filter>
    </ClInclude>
    <ClInclude Include="..\..\..\..\lib\Thor\Thor\drivers\model\rcc_model.hpp">
      <Filter>Thor\drivers\model</Filter>
    </ClInclude>
    <ClInclude Include="..\..\..\..\lib\Thor\Thor\drivers\model\serial_model.hpp">
      <Filter>Thor\drivers\model</Filter>
    </ClInclude>
    <ClInclude Include="..\..\..\..\lib\Thor\Thor\drivers\model\watchdog_model.hpp">
      <Filter>Thor\drivers\model</Filter>
    </ClInclude>
    <ClCompile Include="..\..\..\..\lib\Thor\Thor\resources\thor_dma_resources.cpp">
      <Filter>Thor\resources</Filter>
    </ClCompile>
    <ClInclude Include="..\..\..\..\lib\Thor\Thor\resources\dma_resources.hpp">
      <Filter>Thor\resources</Filter>
    </ClInclude>
    <ClInclude Include="..\..\..\..\lib\Thor\Thor\types\clock_types.hpp">
      <Filter>Thor\types</Filter>
    </ClInclude>
    <ClInclude Include="..\..\..\..\lib\Thor\Thor\types\dma_types.hpp">
      <Filter>Thor\types</Filter>
    </ClInclude>
    <ClInclude Include="..\..\..\..\lib\Thor\Thor\types\gpio_types.hpp">
      <Filter>Thor\types</Filter>
    </ClInclude>
    <ClInclude Include="..\..\..\..\lib\Thor\Thor\types\interrupt_types.hpp">
      <Filter>Thor\types</Filter>
    </ClInclude>
    <ClInclude Include="..\..\..\..\lib\Thor\Thor\types\serial_types.hpp">
      <Filter>Thor\types</Filter>
    </ClInclude>
    <ClInclude Include="..\..\..\..\lib\Thor\Thor\types\spi_types.hpp">
      <Filter>Thor\types</Filter>
    </ClInclude>
    <ClInclude Include="..\..\..\..\lib\Thor\Thor\types\uart_types.hpp">
      <Filter>Thor\types</Filter>
    </ClInclude>
    <ClInclude Include="..\..\..\..\lib\Thor\Thor\types\usart_types.hpp">
      <Filter>Thor\types</Filter>
    </ClInclude>
  </ItemGroup>
  <ItemGroup>
    <ClInclude Include="..\..\..\..\src\command_parser.hpp">
      <Filter>src</Filter>
    </ClInclude>
    <ClInclude Include="..\..\..\..\src\hw_initialize.hpp">
      <Filter>src</Filter>
    </ClInclude>
    <ClInclude Include="..\..\..\..\src\io_resources.hpp">
      <Filter>src</Filter>
    </ClInclude>
    <ClInclude Include="..\..\..\..\src\system_hardware.hpp">
      <Filter>src</Filter>
    </ClInclude>
    <ClInclude Include="..\..\..\..\src\system_threads.hpp">
      <Filter>src</Filter>
    </ClInclude>
    <ClInclude Include="..\..\..\..\src\version.hpp">
      <Filter>src</Filter>
    </ClInclude>
    <ClInclude Include="..\..\..\..\src\cfg\FreeRTOS\FreeRTOSConfig.h">
      <Filter>src\cfg\FreeRTOS</Filter>
    </ClInclude>
    <ClInclude Include="..\..\..\..\src\system_control.hpp">
      <Filter>src</Filter>
    </ClInclude>
    <ClInclude Include="thorDriverConfig.hpp">
      <Filter>Header files</Filter>
    </ClInclude>
    <ClInclude Include="thor_config_prj.hpp">
      <Filter>Header files</Filter>
    </ClInclude>
  </ItemGroup>
  <ItemGroup>
    <ClCompile Include="..\..\..\..\src\thread_boot.cpp">
      <Filter>src</Filter>
    </ClCompile>
    <ClCompile Include="..\..\..\..\src\system_threads.cpp">
      <Filter>src</Filter>
    </ClCompile>
    <ClCompile Include="..\..\..\..\src\thread_heartbeat.cpp">
      <Filter>src</Filter>
    </ClCompile>
    <ClCompile Include="..\..\..\..\src\dbg\thread_debug_sandbox.cpp">
      <Filter>src\dbg</Filter>
    </ClCompile>
    <ClCompile Include="..\..\..\..\src\system_control.cpp">
      <Filter>src</Filter>
    </ClCompile>
  </ItemGroup>
</Project>